<?xml version="1.0" encoding="utf-8"?>
<Project ToolsVersion="4.0" xmlns="http://schemas.microsoft.com/developer/msbuild/2003">
  <ItemGroup>
    <Filter Include="源文件">
      <UniqueIdentifier>{4FC737F1-C7A5-4376-A066-2A32D752A2FF}</UniqueIdentifier>
      <Extensions>cpp;c;cc;cxx;def;odl;idl;hpj;bat;asm;asmx</Extensions>
    </Filter>
    <Filter Include="头文件">
      <UniqueIdentifier>{93995380-89BD-4b04-88EB-625FBE52EBFB}</UniqueIdentifier>
      <Extensions>h;hh;hpp;hxx;hm;inl;inc;ipp;xsd</Extensions>
    </Filter>
    <Filter Include="资源文件">
      <UniqueIdentifier>{67DA6AB6-F800-4c08-8B7A-83BB121AAD01}</UniqueIdentifier>
      <Extensions>rc;ico;cur;bmp;dlg;rc2;rct;bin;rgs;gif;jpg;jpeg;jpe;resx;tiff;tif;png;wav;mfcribbon-ms</Extensions>
    </Filter>
    <Filter Include="dt">
      <UniqueIdentifier>{46644452-0fcd-4c8a-9fd4-b30e537e111b}</UniqueIdentifier>
    </Filter>
  </ItemGroup>
  <ItemGroup>
    <ClInclude Include="my_point_detector.h">
      <Filter>头文件</Filter>
    </ClInclude>
    <ClInclude Include="zhenjing_control.h">
      <Filter>头文件</Filter>
    </ClInclude>
    <ClInclude Include="CSerialPort.h">
      <Filter>头文件</Filter>
    </ClInclude>
    <ClInclude Include="LaserCtrlor.h">
      <Filter>头文件</Filter>
    </ClInclude>
    <ClInclude Include="pid.h">
      <Filter>头文件</Filter>
    </ClInclude>
    <ClInclude Include="triangle_cxf.h">
      <Filter>头文件</Filter>
    </ClInclude>
    <ClInclude Include="delaunay.h">
      <Filter>dt</Filter>
    </ClInclude>
    <ClInclude Include="edge.h">
      <Filter>dt</Filter>
    </ClInclude>
    <ClInclude Include="numeric.h">
      <Filter>dt</Filter>
    </ClInclude>
    <ClInclude Include="triangle.h">
      <Filter>dt</Filter>
    </ClInclude>
    <ClInclude Include="vector2.h">
      <Filter>dt</Filter>
    </ClInclude>
    <ClInclude Include="obj_generator.h">
      <Filter>头文件</Filter>
    </ClInclude>
    <ClInclude Include="point_detector.h">
      <Filter>头文件</Filter>
    </ClInclude>
    <ClInclude Include="CCenters.h">
      <Filter>头文件</Filter>
    </ClInclude>
    <ClInclude Include="PlanB.h">
      <Filter>头文件</Filter>
    </ClInclude>
    <ClInclude Include="Contest.h">
      <Filter>头文件</Filter>
    </ClInclude>
  </ItemGroup>
  <ItemGroup>
    <ClCompile Include="main.cpp">
      <Filter>源文件</Filter>
    </ClCompile>
    <ClCompile Include="my_point_detector.cpp">
      <Filter>源文件</Filter>
    </ClCompile>
    <ClCompile Include="zhenjing_control.cpp">
      <Filter>源文件</Filter>
    </ClCompile>
    <ClCompile Include="CSerialPort.cpp">
      <Filter>源文件</Filter>
    </ClCompile>
    <ClCompile Include="LaserCtrlor.cpp">
      <Filter>源文件</Filter>
    </ClCompile>
    <ClCompile Include="pid.cpp">
      <Filter>源文件</Filter>
    </ClCompile>
    <ClCompile Include="triangle_cxf.cpp">
      <Filter>源文件</Filter>
    </ClCompile>
    <ClCompile Include="delaunay.cpp">
      <Filter>dt</Filter>
    </ClCompile>
    <ClCompile Include="edge.cpp">
      <Filter>dt</Filter>
    </ClCompile>
    <ClCompile Include="numeric.cpp">
      <Filter>dt</Filter>
    </ClCompile>
    <ClCompile Include="triangle.cpp">
      <Filter>dt</Filter>
    </ClCompile>
    <ClCompile Include="vector2.cpp">
      <Filter>dt</Filter>
    </ClCompile>
    <ClCompile Include="obj_generator.cpp">
      <Filter>源文件</Filter>
    </ClCompile>
    <ClCompile Include="point_detector.cpp">
      <Filter>源文件</Filter>
    </ClCompile>
    <ClCompile Include="CCenters.cpp">
      <Filter>源文件</Filter>
    </ClCompile>
    <ClCompile Include="PlanB.cpp">
      <Filter>源文件</Filter>
    </ClCompile>
    <ClCompile Include="Contest.cpp">
      <Filter>源文件</Filter>
    </ClCompile>
  </ItemGroup>
  <ItemGroup>
    <Text Include="script.txt">
      <Filter>资源文件</Filter>
    </Text>
  </ItemGroup>
</Project>