
Microsoft Visual Studio Solution File, Format Version 12.00
# Visual Studio Version 16
VisualStudioVersion = 16.0.28922.388
MinimumVisualStudioVersion = 10.0.40219.1
Project("{8BC9CEB8-8B4A-11D0-8D11-00A0C91BC942}") = "opencv_laser", "opencv_laser\opencv_laser.vcxproj", "{D47D9978-2792-46EB-AE20-EE4B6684479A}"
EndProject
Project("{8BC9CEB8-8B4A-11D0-8D11-00A0C91BC942}") = "test_dt", "test_dt\test_dt.vcxproj", "{CE764C24-609D-4585-93DD-2289C7079D85}"
EndProject
Project("{8BC9CEB8-8B4A-11D0-8D11-00A0C91BC942}") = "test_contour", "test_contour\test_contour.vcxproj", "{C47A2628-E5E1-4BC1-A631-534331682FAD}"
EndProject
Global
	GlobalSection(SolutionConfigurationPlatforms) = preSolution
		Debug|x64 = Debug|x64
		Debug|x86 = Debug|x86
		Release|x64 = Release|x64
		Release|x86 = Release|x86
	EndGlobalSection
	GlobalSection(ProjectConfigurationPlatforms) = postSolution
		{D47D9978-2792-46EB-AE20-EE4B6684479A}.Debug|x64.ActiveCfg = Debug|x64
		{D47D9978-2792-46EB-AE20-EE4B6684479A}.Debug|x64.Build.0 = Debug|x64
		{D47D9978-2792-46EB-AE20-EE4B6684479A}.Debug|x86.ActiveCfg = Debug|Win32
		{D47D9978-2792-46EB-AE20-EE4B6684479A}.Debug|x86.Build.0 = Debug|Win32
		{D47D9978-2792-46EB-AE20-EE4B6684479A}.Release|x64.ActiveCfg = Release|x64
		{D47D9978-2792-46EB-AE20-EE4B6684479A}.Release|x64.Build.0 = Release|x64
		{D47D9978-2792-46EB-AE20-EE4B6684479A}.Release|x86.ActiveCfg = Release|Win32
		{D47D9978-2792-46EB-AE20-EE4B6684479A}.Release|x86.Build.0 = Release|Win32
		{CE764C24-609D-4585-93DD-2289C7079D85}.Debug|x64.ActiveCfg = Debug|x64
		{CE764C24-609D-4585-93DD-2289C7079D85}.Debug|x64.Build.0 = Debug|x64
		{CE764C24-609D-4585-93DD-2289C7079D85}.Debug|x86.ActiveCfg = Debug|Win32
		{CE764C24-609D-4585-93DD-2289C7079D85}.Debug|x86.Build.0 = Debug|Win32
		{CE764C24-609D-4585-93DD-2289C7079D85}.Release|x64.ActiveCfg = Release|x64
		{CE764C24-609D-4585-93DD-2289C7079D85}.Release|x64.Build.0 = Release|x64
		{CE764C24-609D-4585-93DD-2289C7079D85}.Release|x86.ActiveCfg = Release|Win32
		{CE764C24-609D-4585-93DD-2289C7079D85}.Release|x86.Build.0 = Release|Win32
		{C47A2628-E5E1-4BC1-A631-534331682FAD}.Debug|x64.ActiveCfg = Debug|x64
		{C47A2628-E5E1-4BC1-A631-534331682FAD}.Debug|x64.Build.0 = Debug|x64
		{C47A2628-E5E1-4BC1-A631-534331682FAD}.Debug|x86.ActiveCfg = Debug|Win32
		{C47A2628-E5E1-4BC1-A631-534331682FAD}.Debug|x86.Build.0 = Debug|Win32
		{C47A2628-E5E1-4BC1-A631-534331682FAD}.Release|x64.ActiveCfg = Release|x64
		{C47A2628-E5E1-4BC1-A631-534331682FAD}.Release|x64.Build.0 = Release|x64
		{C47A2628-E5E1-4BC1-A631-534331682FAD}.Release|x86.ActiveCfg = Release|Win32
		{C47A2628-E5E1-4BC1-A631-534331682FAD}.Release|x86.Build.0 = Release|Win32
	EndGlobalSection
	GlobalSection(SolutionProperties) = preSolution
		HideSolutionNode = FALSE
	EndGlobalSection
	GlobalSection(ExtensibilityGlobals) = postSolution
		SolutionGuid = {53ED43D5-1C32-4678-8FBC-258431CD22C6}
	EndGlobalSection
EndGlobal
